// !$*UTF8*$!
{
	archiveVersion = 1;
	classes = {
	};
	objectVersion = 55;
	objects = {

/* Begin PBXBuildFile section */
		8E3A668327E0EEDF00C02DF7 /* GalleryDetailView.swift in Sources */ = {isa = PBXBuildFile; fileRef = 8E3A668227E0EEDF00C02DF7 /* GalleryDetailView.swift */; };
		8E3A668527E0EEF300C02DF7 /* GelleryDetailFeature.swift in Sources */ = {isa = PBXBuildFile; fileRef = 8E3A668427E0EEF300C02DF7 /* GelleryDetailFeature.swift */; };
		8E3A668827E0EF8400C02DF7 /* ImagePreview.swift in Sources */ = {isa = PBXBuildFile; fileRef = 8E3A668727E0EF8400C02DF7 /* ImagePreview.swift */; };
		8E3A668A27E0EF9100C02DF7 /* DownloadsView.swift in Sources */ = {isa = PBXBuildFile; fileRef = 8E3A668927E0EF9100C02DF7 /* DownloadsView.swift */; };
		8E48C3C727E091B800254456 /* Effect+.swift in Sources */ = {isa = PBXBuildFile; fileRef = 8E48C3C627E091B800254456 /* Effect+.swift */; };
		8EAEB68127E323BC00F2141D /* ImageDetailsView.swift in Sources */ = {isa = PBXBuildFile; fileRef = 8EAEB68027E323BC00F2141D /* ImageDetailsView.swift */; };
		8ECC9E3D27DF2A8D0059E9A4 /* Tests_iOS.swift in Sources */ = {isa = PBXBuildFile; fileRef = 8ECC9E3C27DF2A8D0059E9A4 /* Tests_iOS.swift */; };
		8ECC9E3F27DF2A8D0059E9A4 /* Tests_iOSLaunchTests.swift in Sources */ = {isa = PBXBuildFile; fileRef = 8ECC9E3E27DF2A8D0059E9A4 /* Tests_iOSLaunchTests.swift */; };
		8ECC9E4C27DF2A8D0059E9A4 /* AppMain.swift in Sources */ = {isa = PBXBuildFile; fileRef = 8ECC9E2427DF2A8D0059E9A4 /* AppMain.swift */; };
		8ECC9E5027DF2A8D0059E9A4 /* Assets.xcassets in Resources */ = {isa = PBXBuildFile; fileRef = 8ECC9E2627DF2A8D0059E9A4 /* Assets.xcassets */; };
		8ECC9E6227DF2AB70059E9A4 /* ComposableArchitecture in Frameworks */ = {isa = PBXBuildFile; productRef = 8ECC9E6127DF2AB70059E9A4 /* ComposableArchitecture */; };
		8ECC9E6827DF2C0D0059E9A4 /* RootView.swift in Sources */ = {isa = PBXBuildFile; fileRef = 8ECC9E6727DF2C0D0059E9A4 /* RootView.swift */; };
		8ECC9E6A27DF2C1C0059E9A4 /* RootFeature.swift in Sources */ = {isa = PBXBuildFile; fileRef = 8ECC9E6927DF2C1C0059E9A4 /* RootFeature.swift */; };
		8ECC9E6C27DF2C710059E9A4 /* SystemEnvironment.swift in Sources */ = {isa = PBXBuildFile; fileRef = 8ECC9E6B27DF2C710059E9A4 /* SystemEnvironment.swift */; };
		8ECC9E6E27DF2C850059E9A4 /* APIError.swift in Sources */ = {isa = PBXBuildFile; fileRef = 8ECC9E6D27DF2C850059E9A4 /* APIError.swift */; };
		8ECC9E7027DF2CA20059E9A4 /* UserFeature.swift in Sources */ = {isa = PBXBuildFile; fileRef = 8ECC9E6F27DF2CA20059E9A4 /* UserFeature.swift */; };
		8ECC9E7227DF2CB30059E9A4 /* UserView.swift in Sources */ = {isa = PBXBuildFile; fileRef = 8ECC9E7127DF2CB30059E9A4 /* UserView.swift */; };
		8ECC9E7427DF2CC40059E9A4 /* UserEffects.swift in Sources */ = {isa = PBXBuildFile; fileRef = 8ECC9E7327DF2CC40059E9A4 /* UserEffects.swift */; };
		8ECC9E7627DF2CE90059E9A4 /* UserModel.swift in Sources */ = {isa = PBXBuildFile; fileRef = 8ECC9E7527DF2CE90059E9A4 /* UserModel.swift */; };
		8ECC9E7827DF2D010059E9A4 /* RepositoryFeature.swift in Sources */ = {isa = PBXBuildFile; fileRef = 8ECC9E7727DF2D000059E9A4 /* RepositoryFeature.swift */; };
		8ECC9E7A27DF2D160059E9A4 /* RepositoryView.swift in Sources */ = {isa = PBXBuildFile; fileRef = 8ECC9E7927DF2D160059E9A4 /* RepositoryView.swift */; };
		8ECC9E7C27DF2D260059E9A4 /* RepositoryEffects.swift in Sources */ = {isa = PBXBuildFile; fileRef = 8ECC9E7B27DF2D260059E9A4 /* RepositoryEffects.swift */; };
		8ECC9E7E27DF2D330059E9A4 /* RepositoryModel.swift in Sources */ = {isa = PBXBuildFile; fileRef = 8ECC9E7D27DF2D330059E9A4 /* RepositoryModel.swift */; };
		8ECC9E8127DF2D5B0059E9A4 /* GalleryFeature.swift in Sources */ = {isa = PBXBuildFile; fileRef = 8ECC9E8027DF2D5B0059E9A4 /* GalleryFeature.swift */; };
		8ECC9E8327DF2D750059E9A4 /* GalleryView.swift in Sources */ = {isa = PBXBuildFile; fileRef = 8ECC9E8227DF2D750059E9A4 /* GalleryView.swift */; };
		8ECC9E8527DF2D8A0059E9A4 /* GalleryEffects.swift in Sources */ = {isa = PBXBuildFile; fileRef = 8ECC9E8427DF2D890059E9A4 /* GalleryEffects.swift */; };
		8ECC9E8A27DF4A1F0059E9A4 /* DownloadInfo.swift in Sources */ = {isa = PBXBuildFile; fileRef = 8ECC9E8927DF4A1F0059E9A4 /* DownloadInfo.swift */; };
		8ECC9E8C27DF4A3B0059E9A4 /* DownloadFile.swift in Sources */ = {isa = PBXBuildFile; fileRef = 8ECC9E8B27DF4A3B0059E9A4 /* DownloadFile.swift */; };
		8ECC9E8E27DF750C0059E9A4 /* DownloadManager.swift in Sources */ = {isa = PBXBuildFile; fileRef = 8ECC9E8D27DF750C0059E9A4 /* DownloadManager.swift */; };
		8ECC9E9127DF78A70059E9A4 /* GalleryListItem.swift in Sources */ = {isa = PBXBuildFile; fileRef = 8ECC9E9027DF78A70059E9A4 /* GalleryListItem.swift */; };
/* End PBXBuildFile section */

/* Begin PBXContainerItemProxy section */
		8ECC9E3927DF2A8D0059E9A4 /* PBXContainerItemProxy */ = {
			isa = PBXContainerItemProxy;
			containerPortal = 8ECC9E1F27DF2A8D0059E9A4 /* Project object */;
			proxyType = 1;
			remoteGlobalIDString = 8ECC9E2A27DF2A8D0059E9A4;
			remoteInfo = "jam-ca (iOS)";
		};
/* End PBXContainerItemProxy section */

/* Begin PBXFileReference section */
		8E3A668227E0EEDF00C02DF7 /* GalleryDetailView.swift */ = {isa = PBXFileReference; lastKnownFileType = sourcecode.swift; path = GalleryDetailView.swift; sourceTree = "<group>"; };
		8E3A668427E0EEF300C02DF7 /* GelleryDetailFeature.swift */ = {isa = PBXFileReference; lastKnownFileType = sourcecode.swift; path = GelleryDetailFeature.swift; sourceTree = "<group>"; };
		8E3A668727E0EF8400C02DF7 /* ImagePreview.swift */ = {isa = PBXFileReference; lastKnownFileType = sourcecode.swift; path = ImagePreview.swift; sourceTree = "<group>"; };
		8E3A668927E0EF9100C02DF7 /* DownloadsView.swift */ = {isa = PBXFileReference; lastKnownFileType = sourcecode.swift; path = DownloadsView.swift; sourceTree = "<group>"; };
		8E48C3C627E091B800254456 /* Effect+.swift */ = {isa = PBXFileReference; lastKnownFileType = sourcecode.swift; path = "Effect+.swift"; sourceTree = "<group>"; };
		8EAEB68027E323BC00F2141D /* ImageDetailsView.swift */ = {isa = PBXFileReference; lastKnownFileType = sourcecode.swift; path = ImageDetailsView.swift; sourceTree = "<group>"; };
		8ECC9E2427DF2A8D0059E9A4 /* AppMain.swift */ = {isa = PBXFileReference; lastKnownFileType = sourcecode.swift; path = AppMain.swift; sourceTree = "<group>"; };
		8ECC9E2627DF2A8D0059E9A4 /* Assets.xcassets */ = {isa = PBXFileReference; lastKnownFileType = folder.assetcatalog; path = Assets.xcassets; sourceTree = "<group>"; };
		8ECC9E2B27DF2A8D0059E9A4 /* jam-tca.app */ = {isa = PBXFileReference; explicitFileType = wrapper.application; includeInIndex = 0; path = "jam-tca.app"; sourceTree = BUILT_PRODUCTS_DIR; };
		8ECC9E3827DF2A8D0059E9A4 /* Tests iOS.xctest */ = {isa = PBXFileReference; explicitFileType = wrapper.cfbundle; includeInIndex = 0; path = "Tests iOS.xctest"; sourceTree = BUILT_PRODUCTS_DIR; };
		8ECC9E3C27DF2A8D0059E9A4 /* Tests_iOS.swift */ = {isa = PBXFileReference; lastKnownFileType = sourcecode.swift; path = Tests_iOS.swift; sourceTree = "<group>"; };
		8ECC9E3E27DF2A8D0059E9A4 /* Tests_iOSLaunchTests.swift */ = {isa = PBXFileReference; lastKnownFileType = sourcecode.swift; path = Tests_iOSLaunchTests.swift; sourceTree = "<group>"; };
		8ECC9E6727DF2C0D0059E9A4 /* RootView.swift */ = {isa = PBXFileReference; lastKnownFileType = sourcecode.swift; path = RootView.swift; sourceTree = "<group>"; };
		8ECC9E6927DF2C1C0059E9A4 /* RootFeature.swift */ = {isa = PBXFileReference; lastKnownFileType = sourcecode.swift; path = RootFeature.swift; sourceTree = "<group>"; };
		8ECC9E6B27DF2C710059E9A4 /* SystemEnvironment.swift */ = {isa = PBXFileReference; lastKnownFileType = sourcecode.swift; path = SystemEnvironment.swift; sourceTree = "<group>"; };
		8ECC9E6D27DF2C850059E9A4 /* APIError.swift */ = {isa = PBXFileReference; lastKnownFileType = sourcecode.swift; path = APIError.swift; sourceTree = "<group>"; };
		8ECC9E6F27DF2CA20059E9A4 /* UserFeature.swift */ = {isa = PBXFileReference; lastKnownFileType = sourcecode.swift; path = UserFeature.swift; sourceTree = "<group>"; };
		8ECC9E7127DF2CB30059E9A4 /* UserView.swift */ = {isa = PBXFileReference; lastKnownFileType = sourcecode.swift; path = UserView.swift; sourceTree = "<group>"; };
		8ECC9E7327DF2CC40059E9A4 /* UserEffects.swift */ = {isa = PBXFileReference; lastKnownFileType = sourcecode.swift; path = UserEffects.swift; sourceTree = "<group>"; };
		8ECC9E7527DF2CE90059E9A4 /* UserModel.swift */ = {isa = PBXFileReference; lastKnownFileType = sourcecode.swift; path = UserModel.swift; sourceTree = "<group>"; };
		8ECC9E7727DF2D000059E9A4 /* RepositoryFeature.swift */ = {isa = PBXFileReference; lastKnownFileType = sourcecode.swift; path = RepositoryFeature.swift; sourceTree = "<group>"; };
		8ECC9E7927DF2D160059E9A4 /* RepositoryView.swift */ = {isa = PBXFileReference; lastKnownFileType = sourcecode.swift; path = RepositoryView.swift; sourceTree = "<group>"; };
		8ECC9E7B27DF2D260059E9A4 /* RepositoryEffects.swift */ = {isa = PBXFileReference; lastKnownFileType = sourcecode.swift; path = RepositoryEffects.swift; sourceTree = "<group>"; };
		8ECC9E7D27DF2D330059E9A4 /* RepositoryModel.swift */ = {isa = PBXFileReference; lastKnownFileType = sourcecode.swift; path = RepositoryModel.swift; sourceTree = "<group>"; };
		8ECC9E8027DF2D5B0059E9A4 /* GalleryFeature.swift */ = {isa = PBXFileReference; lastKnownFileType = sourcecode.swift; path = GalleryFeature.swift; sourceTree = "<group>"; };
		8ECC9E8227DF2D750059E9A4 /* GalleryView.swift */ = {isa = PBXFileReference; lastKnownFileType = sourcecode.swift; path = GalleryView.swift; sourceTree = "<group>"; };
		8ECC9E8427DF2D890059E9A4 /* GalleryEffects.swift */ = {isa = PBXFileReference; lastKnownFileType = sourcecode.swift; path = GalleryEffects.swift; sourceTree = "<group>"; };
		8ECC9E8927DF4A1F0059E9A4 /* DownloadInfo.swift */ = {isa = PBXFileReference; lastKnownFileType = sourcecode.swift; path = DownloadInfo.swift; sourceTree = "<group>"; };
		8ECC9E8B27DF4A3B0059E9A4 /* DownloadFile.swift */ = {isa = PBXFileReference; lastKnownFileType = sourcecode.swift; path = DownloadFile.swift; sourceTree = "<group>"; };
		8ECC9E8D27DF750C0059E9A4 /* DownloadManager.swift */ = {isa = PBXFileReference; lastKnownFileType = sourcecode.swift; path = DownloadManager.swift; sourceTree = "<group>"; };
		8ECC9E9027DF78A70059E9A4 /* GalleryListItem.swift */ = {isa = PBXFileReference; lastKnownFileType = sourcecode.swift; path = GalleryListItem.swift; sourceTree = "<group>"; };
/* End PBXFileReference section */

/* Begin PBXFrameworksBuildPhase section */
		8ECC9E2827DF2A8D0059E9A4 /* Frameworks */ = {
			isa = PBXFrameworksBuildPhase;
			buildActionMask = 2147483647;
			files = (
				8ECC9E6227DF2AB70059E9A4 /* ComposableArchitecture in Frameworks */,
			);
			runOnlyForDeploymentPostprocessing = 0;
		};
		8ECC9E3527DF2A8D0059E9A4 /* Frameworks */ = {
			isa = PBXFrameworksBuildPhase;
			buildActionMask = 2147483647;
			files = (
			);
			runOnlyForDeploymentPostprocessing = 0;
		};
/* End PBXFrameworksBuildPhase section */

/* Begin PBXGroup section */
		8E3A668027E0EE8500C02DF7 /* List */ = {
			isa = PBXGroup;
			children = (
				8ECC9E8F27DF78950059E9A4 /* Views */,
				8ECC9E8827DF4A050059E9A4 /* Models */,
				8ECC9E8027DF2D5B0059E9A4 /* GalleryFeature.swift */,
				8ECC9E8227DF2D750059E9A4 /* GalleryView.swift */,
				8ECC9E8427DF2D890059E9A4 /* GalleryEffects.swift */,
			);
			path = List;
			sourceTree = "<group>";
		};
		8E3A668127E0EE8E00C02DF7 /* Detail */ = {
			isa = PBXGroup;
			children = (
				8E3A668627E0EF3E00C02DF7 /* Views */,
				8E3A668227E0EEDF00C02DF7 /* GalleryDetailView.swift */,
				8E3A668427E0EEF300C02DF7 /* GelleryDetailFeature.swift */,
			);
			path = Detail;
			sourceTree = "<group>";
		};
		8E3A668627E0EF3E00C02DF7 /* Views */ = {
			isa = PBXGroup;
			children = (
				8E3A668727E0EF8400C02DF7 /* ImagePreview.swift */,
				8E3A668927E0EF9100C02DF7 /* DownloadsView.swift */,
				8EAEB68027E323BC00F2141D /* ImageDetailsView.swift */,
			);
			path = Views;
			sourceTree = "<group>";
		};
		8E48C3C527E0919E00254456 /* Extensions */ = {
			isa = PBXGroup;
			children = (
				8E48C3C627E091B800254456 /* Effect+.swift */,
			);
			path = Extensions;
			sourceTree = "<group>";
		};
		8ECC9E1E27DF2A8D0059E9A4 = {
			isa = PBXGroup;
			children = (
				8ECC9E2427DF2A8D0059E9A4 /* AppMain.swift */,
				8ECC9E2627DF2A8D0059E9A4 /* Assets.xcassets */,
				8ECC9E2327DF2A8D0059E9A4 /* Shared */,
				8ECC9E6327DF2B320059E9A4 /* Root */,
				8ECC9E6627DF2BC00059E9A4 /* Repository */,
				8ECC9E6527DF2BAF0059E9A4 /* User */,
				8ECC9E7F27DF2D3F0059E9A4 /* Gallery */,
				8E48C3C527E0919E00254456 /* Extensions */,
				8ECC9E3B27DF2A8D0059E9A4 /* Tests iOS */,
				8ECC9E2C27DF2A8D0059E9A4 /* Products */,
			);
			sourceTree = "<group>";
		};
		8ECC9E2327DF2A8D0059E9A4 /* Shared */ = {
			isa = PBXGroup;
			children = (
				8ECC9E6B27DF2C710059E9A4 /* SystemEnvironment.swift */,
				8ECC9E6D27DF2C850059E9A4 /* APIError.swift */,
			);
			path = Shared;
			sourceTree = "<group>";
		};
		8ECC9E2C27DF2A8D0059E9A4 /* Products */ = {
			isa = PBXGroup;
			children = (
				8ECC9E2B27DF2A8D0059E9A4 /* jam-tca.app */,
				8ECC9E3827DF2A8D0059E9A4 /* Tests iOS.xctest */,
			);
			name = Products;
			sourceTree = "<group>";
		};
		8ECC9E3B27DF2A8D0059E9A4 /* Tests iOS */ = {
			isa = PBXGroup;
			children = (
				8ECC9E3C27DF2A8D0059E9A4 /* Tests_iOS.swift */,
				8ECC9E3E27DF2A8D0059E9A4 /* Tests_iOSLaunchTests.swift */,
			);
			path = "Tests iOS";
			sourceTree = "<group>";
		};
		8ECC9E6327DF2B320059E9A4 /* Root */ = {
			isa = PBXGroup;
			children = (
				8ECC9E6727DF2C0D0059E9A4 /* RootView.swift */,
				8ECC9E6927DF2C1C0059E9A4 /* RootFeature.swift */,
			);
			path = Root;
			sourceTree = "<group>";
		};
		8ECC9E6527DF2BAF0059E9A4 /* User */ = {
			isa = PBXGroup;
			children = (
				8ECC9E6F27DF2CA20059E9A4 /* UserFeature.swift */,
				8ECC9E7127DF2CB30059E9A4 /* UserView.swift */,
				8ECC9E7327DF2CC40059E9A4 /* UserEffects.swift */,
				8ECC9E7527DF2CE90059E9A4 /* UserModel.swift */,
			);
			path = User;
			sourceTree = "<group>";
		};
		8ECC9E6627DF2BC00059E9A4 /* Repository */ = {
			isa = PBXGroup;
			children = (
				8ECC9E7727DF2D000059E9A4 /* RepositoryFeature.swift */,
				8ECC9E7927DF2D160059E9A4 /* RepositoryView.swift */,
				8ECC9E7B27DF2D260059E9A4 /* RepositoryEffects.swift */,
				8ECC9E7D27DF2D330059E9A4 /* RepositoryModel.swift */,
			);
			path = Repository;
			sourceTree = "<group>";
		};
		8ECC9E7F27DF2D3F0059E9A4 /* Gallery */ = {
			isa = PBXGroup;
			children = (
				8E3A668127E0EE8E00C02DF7 /* Detail */,
				8E3A668027E0EE8500C02DF7 /* List */,
			);
			path = Gallery;
			sourceTree = "<group>";
		};
		8ECC9E8827DF4A050059E9A4 /* Models */ = {
			isa = PBXGroup;
			children = (
				8ECC9E8927DF4A1F0059E9A4 /* DownloadInfo.swift */,
				8ECC9E8B27DF4A3B0059E9A4 /* DownloadFile.swift */,
				8ECC9E8D27DF750C0059E9A4 /* DownloadManager.swift */,
			);
			path = Models;
			sourceTree = "<group>";
		};
		8ECC9E8F27DF78950059E9A4 /* Views */ = {
			isa = PBXGroup;
			children = (
				8ECC9E9027DF78A70059E9A4 /* GalleryListItem.swift */,
			);
			path = Views;
			sourceTree = "<group>";
		};
/* End PBXGroup section */

/* Begin PBXNativeTarget section */
		8ECC9E2A27DF2A8D0059E9A4 /* jam-tca (iOS) */ = {
			isa = PBXNativeTarget;
			buildConfigurationList = 8ECC9E5427DF2A8D0059E9A4 /* Build configuration list for PBXNativeTarget "jam-tca (iOS)" */;
			buildPhases = (
				8ECC9E2727DF2A8D0059E9A4 /* Sources */,
				8ECC9E2827DF2A8D0059E9A4 /* Frameworks */,
				8ECC9E2927DF2A8D0059E9A4 /* Resources */,
			);
			buildRules = (
			);
			dependencies = (
			);
			name = "jam-tca (iOS)";
			packageProductDependencies = (
				8ECC9E6127DF2AB70059E9A4 /* ComposableArchitecture */,
			);
			productName = "jam-ca (iOS)";
			productReference = 8ECC9E2B27DF2A8D0059E9A4 /* jam-tca.app */;
			productType = "com.apple.product-type.application";
		};
		8ECC9E3727DF2A8D0059E9A4 /* Tests iOS */ = {
			isa = PBXNativeTarget;
			buildConfigurationList = 8ECC9E5A27DF2A8D0059E9A4 /* Build configuration list for PBXNativeTarget "Tests iOS" */;
			buildPhases = (
				8ECC9E3427DF2A8D0059E9A4 /* Sources */,
				8ECC9E3527DF2A8D0059E9A4 /* Frameworks */,
				8ECC9E3627DF2A8D0059E9A4 /* Resources */,
			);
			buildRules = (
			);
			dependencies = (
				8ECC9E3A27DF2A8D0059E9A4 /* PBXTargetDependency */,
			);
			name = "Tests iOS";
			productName = "Tests iOS";
			productReference = 8ECC9E3827DF2A8D0059E9A4 /* Tests iOS.xctest */;
			productType = "com.apple.product-type.bundle.ui-testing";
		};
/* End PBXNativeTarget section */

/* Begin PBXProject section */
		8ECC9E1F27DF2A8D0059E9A4 /* Project object */ = {
			isa = PBXProject;
			attributes = {
				BuildIndependentTargetsInParallel = 1;
				LastSwiftUpdateCheck = 1320;
				LastUpgradeCheck = 1320;
				TargetAttributes = {
					8ECC9E2A27DF2A8D0059E9A4 = {
						CreatedOnToolsVersion = 13.2.1;
					};
					8ECC9E3727DF2A8D0059E9A4 = {
						CreatedOnToolsVersion = 13.2.1;
						TestTargetID = 8ECC9E2A27DF2A8D0059E9A4;
					};
				};
			};
			buildConfigurationList = 8ECC9E2227DF2A8D0059E9A4 /* Build configuration list for PBXProject "jam-tca" */;
			compatibilityVersion = "Xcode 13.0";
			developmentRegion = en;
			hasScannedForEncodings = 0;
			knownRegions = (
				en,
				Base,
			);
			mainGroup = 8ECC9E1E27DF2A8D0059E9A4;
			packageReferences = (
				8ECC9E6027DF2AB70059E9A4 /* XCRemoteSwiftPackageReference "swift-composable-architecture" */,
			);
			productRefGroup = 8ECC9E2C27DF2A8D0059E9A4 /* Products */;
			projectDirPath = "";
			projectRoot = "";
			targets = (
				8ECC9E2A27DF2A8D0059E9A4 /* jam-tca (iOS) */,
				8ECC9E3727DF2A8D0059E9A4 /* Tests iOS */,
			);
		};
/* End PBXProject section */

/* Begin PBXResourcesBuildPhase section */
		8ECC9E2927DF2A8D0059E9A4 /* Resources */ = {
			isa = PBXResourcesBuildPhase;
			buildActionMask = 2147483647;
			files = (
				8ECC9E5027DF2A8D0059E9A4 /* Assets.xcassets in Resources */,
			);
			runOnlyForDeploymentPostprocessing = 0;
		};
		8ECC9E3627DF2A8D0059E9A4 /* Resources */ = {
			isa = PBXResourcesBuildPhase;
			buildActionMask = 2147483647;
			files = (
			);
			runOnlyForDeploymentPostprocessing = 0;
		};
/* End PBXResourcesBuildPhase section */

/* Begin PBXSourcesBuildPhase section */
		8ECC9E2727DF2A8D0059E9A4 /* Sources */ = {
			isa = PBXSourcesBuildPhase;
			buildActionMask = 2147483647;
			files = (
				8ECC9E6C27DF2C710059E9A4 /* SystemEnvironment.swift in Sources */,
				8E3A668A27E0EF9100C02DF7 /* DownloadsView.swift in Sources */,
				8ECC9E6A27DF2C1C0059E9A4 /* RootFeature.swift in Sources */,
				8E48C3C727E091B800254456 /* Effect+.swift in Sources */,
				8ECC9E7A27DF2D160059E9A4 /* RepositoryView.swift in Sources */,
				8ECC9E8A27DF4A1F0059E9A4 /* DownloadInfo.swift in Sources */,
				8ECC9E7027DF2CA20059E9A4 /* UserFeature.swift in Sources */,
				8ECC9E7227DF2CB30059E9A4 /* UserView.swift in Sources */,
				8EAEB68127E323BC00F2141D /* ImageDetailsView.swift in Sources */,
				8ECC9E7E27DF2D330059E9A4 /* RepositoryModel.swift in Sources */,
				8ECC9E8527DF2D8A0059E9A4 /* GalleryEffects.swift in Sources */,
				8ECC9E9127DF78A70059E9A4 /* GalleryListItem.swift in Sources */,
				8E3A668527E0EEF300C02DF7 /* GelleryDetailFeature.swift in Sources */,
				8ECC9E7C27DF2D260059E9A4 /* RepositoryEffects.swift in Sources */,
				8ECC9E8327DF2D750059E9A4 /* GalleryView.swift in Sources */,
				8ECC9E4C27DF2A8D0059E9A4 /* AppMain.swift in Sources */,
				8E3A668827E0EF8400C02DF7 /* ImagePreview.swift in Sources */,
				8ECC9E8E27DF750C0059E9A4 /* DownloadManager.swift in Sources */,
				8ECC9E8C27DF4A3B0059E9A4 /* DownloadFile.swift in Sources */,
				8ECC9E6827DF2C0D0059E9A4 /* RootView.swift in Sources */,
				8ECC9E7827DF2D010059E9A4 /* RepositoryFeature.swift in Sources */,
				8ECC9E7427DF2CC40059E9A4 /* UserEffects.swift in Sources */,
				8E3A668327E0EEDF00C02DF7 /* GalleryDetailView.swift in Sources */,
				8ECC9E7627DF2CE90059E9A4 /* UserModel.swift in Sources */,
				8ECC9E8127DF2D5B0059E9A4 /* GalleryFeature.swift in Sources */,
				8ECC9E6E27DF2C850059E9A4 /* APIError.swift in Sources */,
			);
			runOnlyForDeploymentPostprocessing = 0;
		};
		8ECC9E3427DF2A8D0059E9A4 /* Sources */ = {
			isa = PBXSourcesBuildPhase;
			buildActionMask = 2147483647;
			files = (
				8ECC9E3F27DF2A8D0059E9A4 /* Tests_iOSLaunchTests.swift in Sources */,
				8ECC9E3D27DF2A8D0059E9A4 /* Tests_iOS.swift in Sources */,
			);
			runOnlyForDeploymentPostprocessing = 0;
		};
/* End PBXSourcesBuildPhase section */

/* Begin PBXTargetDependency section */
		8ECC9E3A27DF2A8D0059E9A4 /* PBXTargetDependency */ = {
			isa = PBXTargetDependency;
			target = 8ECC9E2A27DF2A8D0059E9A4 /* jam-tca (iOS) */;
			targetProxy = 8ECC9E3927DF2A8D0059E9A4 /* PBXContainerItemProxy */;
		};
/* End PBXTargetDependency section */

/* Begin XCBuildConfiguration section */
		8ECC9E5227DF2A8D0059E9A4 /* Debug */ = {
			isa = XCBuildConfiguration;
			buildSettings = {
				ALWAYS_SEARCH_USER_PATHS = NO;
				CLANG_ANALYZER_NONNULL = YES;
				CLANG_ANALYZER_NUMBER_OBJECT_CONVERSION = YES_AGGRESSIVE;
				CLANG_CXX_LANGUAGE_STANDARD = "gnu++17";
				CLANG_CXX_LIBRARY = "libc++";
				CLANG_ENABLE_MODULES = YES;
				CLANG_ENABLE_OBJC_ARC = YES;
				CLANG_ENABLE_OBJC_WEAK = YES;
				CLANG_WARN_BLOCK_CAPTURE_AUTORELEASING = YES;
				CLANG_WARN_BOOL_CONVERSION = YES;
				CLANG_WARN_COMMA = YES;
				CLANG_WARN_CONSTANT_CONVERSION = YES;
				CLANG_WARN_DEPRECATED_OBJC_IMPLEMENTATIONS = YES;
				CLANG_WARN_DIRECT_OBJC_ISA_USAGE = YES_ERROR;
				CLANG_WARN_DOCUMENTATION_COMMENTS = YES;
				CLANG_WARN_EMPTY_BODY = YES;
				CLANG_WARN_ENUM_CONVERSION = YES;
				CLANG_WARN_INFINITE_RECURSION = YES;
				CLANG_WARN_INT_CONVERSION = YES;
				CLANG_WARN_NON_LITERAL_NULL_CONVERSION = YES;
				CLANG_WARN_OBJC_IMPLICIT_RETAIN_SELF = YES;
				CLANG_WARN_OBJC_LITERAL_CONVERSION = YES;
				CLANG_WARN_OBJC_ROOT_CLASS = YES_ERROR;
				CLANG_WARN_QUOTED_INCLUDE_IN_FRAMEWORK_HEADER = YES;
				CLANG_WARN_RANGE_LOOP_ANALYSIS = YES;
				CLANG_WARN_STRICT_PROTOTYPES = YES;
				CLANG_WARN_SUSPICIOUS_MOVE = YES;
				CLANG_WARN_UNGUARDED_AVAILABILITY = YES_AGGRESSIVE;
				CLANG_WARN_UNREACHABLE_CODE = YES;
				CLANG_WARN__DUPLICATE_METHOD_MATCH = YES;
				COPY_PHASE_STRIP = NO;
				DEBUG_INFORMATION_FORMAT = dwarf;
				ENABLE_STRICT_OBJC_MSGSEND = YES;
				ENABLE_TESTABILITY = YES;
				GCC_C_LANGUAGE_STANDARD = gnu11;
				GCC_DYNAMIC_NO_PIC = NO;
				GCC_NO_COMMON_BLOCKS = YES;
				GCC_OPTIMIZATION_LEVEL = 0;
				GCC_PREPROCESSOR_DEFINITIONS = (
					"DEBUG=1",
					"$(inherited)",
				);
				GCC_WARN_64_TO_32_BIT_CONVERSION = YES;
				GCC_WARN_ABOUT_RETURN_TYPE = YES_ERROR;
				GCC_WARN_UNDECLARED_SELECTOR = YES;
				GCC_WARN_UNINITIALIZED_AUTOS = YES_AGGRESSIVE;
				GCC_WARN_UNUSED_FUNCTION = YES;
				GCC_WARN_UNUSED_VARIABLE = YES;
				MTL_ENABLE_DEBUG_INFO = INCLUDE_SOURCE;
				MTL_FAST_MATH = YES;
				ONLY_ACTIVE_ARCH = YES;
				SWIFT_ACTIVE_COMPILATION_CONDITIONS = DEBUG;
				SWIFT_OPTIMIZATION_LEVEL = "-Onone";
			};
			name = Debug;
		};
		8ECC9E5327DF2A8D0059E9A4 /* Release */ = {
			isa = XCBuildConfiguration;
			buildSettings = {
				ALWAYS_SEARCH_USER_PATHS = NO;
				CLANG_ANALYZER_NONNULL = YES;
				CLANG_ANALYZER_NUMBER_OBJECT_CONVERSION = YES_AGGRESSIVE;
				CLANG_CXX_LANGUAGE_STANDARD = "gnu++17";
				CLANG_CXX_LIBRARY = "libc++";
				CLANG_ENABLE_MODULES = YES;
				CLANG_ENABLE_OBJC_ARC = YES;
				CLANG_ENABLE_OBJC_WEAK = YES;
				CLANG_WARN_BLOCK_CAPTURE_AUTORELEASING = YES;
				CLANG_WARN_BOOL_CONVERSION = YES;
				CLANG_WARN_COMMA = YES;
				CLANG_WARN_CONSTANT_CONVERSION = YES;
				CLANG_WARN_DEPRECATED_OBJC_IMPLEMENTATIONS = YES;
				CLANG_WARN_DIRECT_OBJC_ISA_USAGE = YES_ERROR;
				CLANG_WARN_DOCUMENTATION_COMMENTS = YES;
				CLANG_WARN_EMPTY_BODY = YES;
				CLANG_WARN_ENUM_CONVERSION = YES;
				CLANG_WARN_INFINITE_RECURSION = YES;
				CLANG_WARN_INT_CONVERSION = YES;
				CLANG_WARN_NON_LITERAL_NULL_CONVERSION = YES;
				CLANG_WARN_OBJC_IMPLICIT_RETAIN_SELF = YES;
				CLANG_WARN_OBJC_LITERAL_CONVERSION = YES;
				CLANG_WARN_OBJC_ROOT_CLASS = YES_ERROR;
				CLANG_WARN_QUOTED_INCLUDE_IN_FRAMEWORK_HEADER = YES;
				CLANG_WARN_RANGE_LOOP_ANALYSIS = YES;
				CLANG_WARN_STRICT_PROTOTYPES = YES;
				CLANG_WARN_SUSPICIOUS_MOVE = YES;
				CLANG_WARN_UNGUARDED_AVAILABILITY = YES_AGGRESSIVE;
				CLANG_WARN_UNREACHABLE_CODE = YES;
				CLANG_WARN__DUPLICATE_METHOD_MATCH = YES;
				COPY_PHASE_STRIP = NO;
				DEBUG_INFORMATION_FORMAT = "dwarf-with-dsym";
				ENABLE_NS_ASSERTIONS = NO;
				ENABLE_STRICT_OBJC_MSGSEND = YES;
				GCC_C_LANGUAGE_STANDARD = gnu11;
				GCC_NO_COMMON_BLOCKS = YES;
				GCC_WARN_64_TO_32_BIT_CONVERSION = YES;
				GCC_WARN_ABOUT_RETURN_TYPE = YES_ERROR;
				GCC_WARN_UNDECLARED_SELECTOR = YES;
				GCC_WARN_UNINITIALIZED_AUTOS = YES_AGGRESSIVE;
				GCC_WARN_UNUSED_FUNCTION = YES;
				GCC_WARN_UNUSED_VARIABLE = YES;
				MTL_ENABLE_DEBUG_INFO = NO;
				MTL_FAST_MATH = YES;
				SWIFT_COMPILATION_MODE = wholemodule;
				SWIFT_OPTIMIZATION_LEVEL = "-O";
			};
			name = Release;
		};
		8ECC9E5527DF2A8D0059E9A4 /* Debug */ = {
			isa = XCBuildConfiguration;
			buildSettings = {
				ASSETCATALOG_COMPILER_APPICON_NAME = AppIcon;
				ASSETCATALOG_COMPILER_GLOBAL_ACCENT_COLOR_NAME = AccentColor;
				CODE_SIGN_STYLE = Automatic;
				CURRENT_PROJECT_VERSION = 1;
				DEVELOPMENT_TEAM = M6AAALC62J;
				ENABLE_PREVIEWS = YES;
				GENERATE_INFOPLIST_FILE = YES;
				INFOPLIST_KEY_UIApplicationSceneManifest_Generation = YES;
				INFOPLIST_KEY_UIApplicationSupportsIndirectInputEvents = YES;
				INFOPLIST_KEY_UILaunchScreen_Generation = YES;
				INFOPLIST_KEY_UISupportedInterfaceOrientations_iPad = "UIInterfaceOrientationPortrait UIInterfaceOrientationPortraitUpsideDown UIInterfaceOrientationLandscapeLeft UIInterfaceOrientationLandscapeRight";
				INFOPLIST_KEY_UISupportedInterfaceOrientations_iPhone = "UIInterfaceOrientationPortrait UIInterfaceOrientationLandscapeLeft UIInterfaceOrientationLandscapeRight";
				IPHONEOS_DEPLOYMENT_TARGET = 15.2;
				LD_RUNPATH_SEARCH_PATHS = (
					"$(inherited)",
					"@executable_path/Frameworks",
				);
				MARKETING_VERSION = 1.0;
				PRODUCT_BUNDLE_IDENTIFIER = "com.lukasandrlik.jam-ca";
				PRODUCT_NAME = "jam-tca";
				SDKROOT = iphoneos;
				SWIFT_EMIT_LOC_STRINGS = YES;
				SWIFT_VERSION = 5.0;
				TARGETED_DEVICE_FAMILY = "1,2";
			};
			name = Debug;
		};
		8ECC9E5627DF2A8D0059E9A4 /* Release */ = {
			isa = XCBuildConfiguration;
			buildSettings = {
				ASSETCATALOG_COMPILER_APPICON_NAME = AppIcon;
				ASSETCATALOG_COMPILER_GLOBAL_ACCENT_COLOR_NAME = AccentColor;
				CODE_SIGN_STYLE = Automatic;
				CURRENT_PROJECT_VERSION = 1;
				DEVELOPMENT_TEAM = M6AAALC62J;
				ENABLE_PREVIEWS = YES;
				GENERATE_INFOPLIST_FILE = YES;
				INFOPLIST_KEY_UIApplicationSceneManifest_Generation = YES;
				INFOPLIST_KEY_UIApplicationSupportsIndirectInputEvents = YES;
				INFOPLIST_KEY_UILaunchScreen_Generation = YES;
				INFOPLIST_KEY_UISupportedInterfaceOrientations_iPad = "UIInterfaceOrientationPortrait UIInterfaceOrientationPortraitUpsideDown UIInterfaceOrientationLandscapeLeft UIInterfaceOrientationLandscapeRight";
				INFOPLIST_KEY_UISupportedInterfaceOrientations_iPhone = "UIInterfaceOrientationPortrait UIInterfaceOrientationLandscapeLeft UIInterfaceOrientationLandscapeRight";
				IPHONEOS_DEPLOYMENT_TARGET = 15.2;
				LD_RUNPATH_SEARCH_PATHS = (
					"$(inherited)",
					"@executable_path/Frameworks",
				);
				MARKETING_VERSION = 1.0;
				PRODUCT_BUNDLE_IDENTIFIER = "com.lukasandrlik.jam-ca";
				PRODUCT_NAME = "jam-tca";
				SDKROOT = iphoneos;
				SWIFT_EMIT_LOC_STRINGS = YES;
				SWIFT_VERSION = 5.0;
				TARGETED_DEVICE_FAMILY = "1,2";
				VALIDATE_PRODUCT = YES;
			};
			name = Release;
		};
		8ECC9E5B27DF2A8D0059E9A4 /* Debug */ = {
			isa = XCBuildConfiguration;
			buildSettings = {
				ALWAYS_EMBED_SWIFT_STANDARD_LIBRARIES = YES;
				CODE_SIGN_STYLE = Automatic;
				CURRENT_PROJECT_VERSION = 1;
				DEVELOPMENT_TEAM = M6AAALC62J;
				GENERATE_INFOPLIST_FILE = YES;
				IPHONEOS_DEPLOYMENT_TARGET = 15.2;
				MARKETING_VERSION = 1.0;
				PRODUCT_BUNDLE_IDENTIFIER = "com.lukasandrlik.Tests-iOS";
				PRODUCT_NAME = "$(TARGET_NAME)";
				SDKROOT = iphoneos;
				SWIFT_EMIT_LOC_STRINGS = NO;
				SWIFT_VERSION = 5.0;
				TARGETED_DEVICE_FAMILY = "1,2";
				TEST_TARGET_NAME = "jam-ca (iOS)";
			};
			name = Debug;
		};
		8ECC9E5C27DF2A8D0059E9A4 /* Release */ = {
			isa = XCBuildConfiguration;
			buildSettings = {
				ALWAYS_EMBED_SWIFT_STANDARD_LIBRARIES = YES;
				CODE_SIGN_STYLE = Automatic;
				CURRENT_PROJECT_VERSION = 1;
				DEVELOPMENT_TEAM = M6AAALC62J;
				GENERATE_INFOPLIST_FILE = YES;
				IPHONEOS_DEPLOYMENT_TARGET = 15.2;
				MARKETING_VERSION = 1.0;
				PRODUCT_BUNDLE_IDENTIFIER = "com.lukasandrlik.Tests-iOS";
				PRODUCT_NAME = "$(TARGET_NAME)";
				SDKROOT = iphoneos;
				SWIFT_EMIT_LOC_STRINGS = NO;
				SWIFT_VERSION = 5.0;
				TARGETED_DEVICE_FAMILY = "1,2";
				TEST_TARGET_NAME = "jam-ca (iOS)";
				VALIDATE_PRODUCT = YES;
			};
			name = Release;
		};
/* End XCBuildConfiguration section */

/* Begin XCConfigurationList section */
		8ECC9E2227DF2A8D0059E9A4 /* Build configuration list for PBXProject "jam-tca" */ = {
			isa = XCConfigurationList;
			buildConfigurations = (
				8ECC9E5227DF2A8D0059E9A4 /* Debug */,
				8ECC9E5327DF2A8D0059E9A4 /* Release */,
			);
			defaultConfigurationIsVisible = 0;
			defaultConfigurationName = Release;
		};
		8ECC9E5427DF2A8D0059E9A4 /* Build configuration list for PBXNativeTarget "jam-tca (iOS)" */ = {
			isa = XCConfigurationList;
			buildConfigurations = (
				8ECC9E5527DF2A8D0059E9A4 /* Debug */,
				8ECC9E5627DF2A8D0059E9A4 /* Release */,
			);
			defaultConfigurationIsVisible = 0;
			defaultConfigurationName = Release;
		};
		8ECC9E5A27DF2A8D0059E9A4 /* Build configuration list for PBXNativeTarget "Tests iOS" */ = {
			isa = XCConfigurationList;
			buildConfigurations = (
				8ECC9E5B27DF2A8D0059E9A4 /* Debug */,
				8ECC9E5C27DF2A8D0059E9A4 /* Release */,
			);
			defaultConfigurationIsVisible = 0;
			defaultConfigurationName = Release;
		};
/* End XCConfigurationList section */

/* Begin XCRemoteSwiftPackageReference section */
		8ECC9E6027DF2AB70059E9A4 /* XCRemoteSwiftPackageReference "swift-composable-architecture" */ = {
			isa = XCRemoteSwiftPackageReference;
			repositoryURL = "https://github.com/pointfreeco/swift-composable-architecture";
			requirement = {
				kind = upToNextMajorVersion;
				minimumVersion = 0.9.0;
			};
		};
/* End XCRemoteSwiftPackageReference section */

/* Begin XCSwiftPackageProductDependency section */
		8ECC9E6127DF2AB70059E9A4 /* ComposableArchitecture */ = {
			isa = XCSwiftPackageProductDependency;
			package = 8ECC9E6027DF2AB70059E9A4 /* XCRemoteSwiftPackageReference "swift-composable-architecture" */;
			productName = ComposableArchitecture;
		};
/* End XCSwiftPackageProductDependency section */
	};
	rootObject = 8ECC9E1F27DF2A8D0059E9A4 /* Project object */;
}
