// !$*UTF8*$!
{
	archiveVersion = 1;
	classes = {
	};
	objectVersion = 55;
	objects = {

/* Begin PBXBuildFile section */
		8ECC9E3D27DF2A8D0059E9A4 /* Tests_iOS.swift in Sources */ = {isa = PBXBuildFile; fileRef = 8ECC9E3C27DF2A8D0059E9A4 /* Tests_iOS.swift */; };
		8ECC9E3F27DF2A8D0059E9A4 /* Tests_iOSLaunchTests.swift in Sources */ = {isa = PBXBuildFile; fileRef = 8ECC9E3E27DF2A8D0059E9A4 /* Tests_iOSLaunchTests.swift */; };
		8ECC9E4927DF2A8D0059E9A4 /* Tests_macOS.swift in Sources */ = {isa = PBXBuildFile; fileRef = 8ECC9E4827DF2A8D0059E9A4 /* Tests_macOS.swift */; };
		8ECC9E4B27DF2A8D0059E9A4 /* Tests_macOSLaunchTests.swift in Sources */ = {isa = PBXBuildFile; fileRef = 8ECC9E4A27DF2A8D0059E9A4 /* Tests_macOSLaunchTests.swift */; };
		8ECC9E4C27DF2A8D0059E9A4 /* jam_caApp.swift in Sources */ = {isa = PBXBuildFile; fileRef = 8ECC9E2427DF2A8D0059E9A4 /* jam_caApp.swift */; };
		8ECC9E4D27DF2A8D0059E9A4 /* jam_caApp.swift in Sources */ = {isa = PBXBuildFile; fileRef = 8ECC9E2427DF2A8D0059E9A4 /* jam_caApp.swift */; };
		8ECC9E4E27DF2A8D0059E9A4 /* ContentView.swift in Sources */ = {isa = PBXBuildFile; fileRef = 8ECC9E2527DF2A8D0059E9A4 /* ContentView.swift */; };
		8ECC9E4F27DF2A8D0059E9A4 /* ContentView.swift in Sources */ = {isa = PBXBuildFile; fileRef = 8ECC9E2527DF2A8D0059E9A4 /* ContentView.swift */; };
		8ECC9E5027DF2A8D0059E9A4 /* Assets.xcassets in Resources */ = {isa = PBXBuildFile; fileRef = 8ECC9E2627DF2A8D0059E9A4 /* Assets.xcassets */; };
		8ECC9E5127DF2A8D0059E9A4 /* Assets.xcassets in Resources */ = {isa = PBXBuildFile; fileRef = 8ECC9E2627DF2A8D0059E9A4 /* Assets.xcassets */; };
/* End PBXBuildFile section */

/* Begin PBXContainerItemProxy section */
		8ECC9E3927DF2A8D0059E9A4 /* PBXContainerItemProxy */ = {
			isa = PBXContainerItemProxy;
			containerPortal = 8ECC9E1F27DF2A8D0059E9A4 /* Project object */;
			proxyType = 1;
			remoteGlobalIDString = 8ECC9E2A27DF2A8D0059E9A4;
			remoteInfo = "jam-ca (iOS)";
		};
		8ECC9E4527DF2A8D0059E9A4 /* PBXContainerItemProxy */ = {
			isa = PBXContainerItemProxy;
			containerPortal = 8ECC9E1F27DF2A8D0059E9A4 /* Project object */;
			proxyType = 1;
			remoteGlobalIDString = 8ECC9E3027DF2A8D0059E9A4;
			remoteInfo = "jam-ca (macOS)";
		};
/* End PBXContainerItemProxy section */

/* Begin PBXFileReference section */
		8ECC9E2427DF2A8D0059E9A4 /* jam_caApp.swift */ = {isa = PBXFileReference; lastKnownFileType = sourcecode.swift; path = jam_caApp.swift; sourceTree = "<group>"; };
		8ECC9E2527DF2A8D0059E9A4 /* ContentView.swift */ = {isa = PBXFileReference; lastKnownFileType = sourcecode.swift; path = ContentView.swift; sourceTree = "<group>"; };
		8ECC9E2627DF2A8D0059E9A4 /* Assets.xcassets */ = {isa = PBXFileReference; lastKnownFileType = folder.assetcatalog; path = Assets.xcassets; sourceTree = "<group>"; };
		8ECC9E2B27DF2A8D0059E9A4 /* jam-ca.app */ = {isa = PBXFileReference; explicitFileType = wrapper.application; includeInIndex = 0; path = "jam-ca.app"; sourceTree = BUILT_PRODUCTS_DIR; };
		8ECC9E3127DF2A8D0059E9A4 /* jam-ca.app */ = {isa = PBXFileReference; explicitFileType = wrapper.application; includeInIndex = 0; path = "jam-ca.app"; sourceTree = BUILT_PRODUCTS_DIR; };
		8ECC9E3327DF2A8D0059E9A4 /* macOS.entitlements */ = {isa = PBXFileReference; lastKnownFileType = text.plist.entitlements; path = macOS.entitlements; sourceTree = "<group>"; };
		8ECC9E3827DF2A8D0059E9A4 /* Tests iOS.xctest */ = {isa = PBXFileReference; explicitFileType = wrapper.cfbundle; includeInIndex = 0; path = "Tests iOS.xctest"; sourceTree = BUILT_PRODUCTS_DIR; };
		8ECC9E3C27DF2A8D0059E9A4 /* Tests_iOS.swift */ = {isa = PBXFileReference; lastKnownFileType = sourcecode.swift; path = Tests_iOS.swift; sourceTree = "<group>"; };
		8ECC9E3E27DF2A8D0059E9A4 /* Tests_iOSLaunchTests.swift */ = {isa = PBXFileReference; lastKnownFileType = sourcecode.swift; path = Tests_iOSLaunchTests.swift; sourceTree = "<group>"; };
		8ECC9E4427DF2A8D0059E9A4 /* Tests macOS.xctest */ = {isa = PBXFileReference; explicitFileType = wrapper.cfbundle; includeInIndex = 0; path = "Tests macOS.xctest"; sourceTree = BUILT_PRODUCTS_DIR; };
		8ECC9E4827DF2A8D0059E9A4 /* Tests_macOS.swift */ = {isa = PBXFileReference; lastKnownFileType = sourcecode.swift; path = Tests_macOS.swift; sourceTree = "<group>"; };
		8ECC9E4A27DF2A8D0059E9A4 /* Tests_macOSLaunchTests.swift */ = {isa = PBXFileReference; lastKnownFileType = sourcecode.swift; path = Tests_macOSLaunchTests.swift; sourceTree = "<group>"; };
/* End PBXFileReference section */

/* Begin PBXFrameworksBuildPhase section */
		8ECC9E2827DF2A8D0059E9A4 /* Frameworks */ = {
			isa = PBXFrameworksBuildPhase;
			buildActionMask = 2147483647;
			files = (
			);
			runOnlyForDeploymentPostprocessing = 0;
		};
		8ECC9E2E27DF2A8D0059E9A4 /* Frameworks */ = {
			isa = PBXFrameworksBuildPhase;
			buildActionMask = 2147483647;
			files = (
			);
			runOnlyForDeploymentPostprocessing = 0;
		};
		8ECC9E3527DF2A8D0059E9A4 /* Frameworks */ = {
			isa = PBXFrameworksBuildPhase;
			buildActionMask = 2147483647;
			files = (
			);
			runOnlyForDeploymentPostprocessing = 0;
		};
		8ECC9E4127DF2A8D0059E9A4 /* Frameworks */ = {
			isa = PBXFrameworksBuildPhase;
			buildActionMask = 2147483647;
			files = (
			);
			runOnlyForDeploymentPostprocessing = 0;
		};
/* End PBXFrameworksBuildPhase section */

/* Begin PBXGroup section */
		8ECC9E1E27DF2A8D0059E9A4 = {
			isa = PBXGroup;
			children = (
				8ECC9E2327DF2A8D0059E9A4 /* Shared */,
				8ECC9E3227DF2A8D0059E9A4 /* macOS */,
				8ECC9E3B27DF2A8D0059E9A4 /* Tests iOS */,
				8ECC9E4727DF2A8D0059E9A4 /* Tests macOS */,
				8ECC9E2C27DF2A8D0059E9A4 /* Products */,
			);
			sourceTree = "<group>";
		};
		8ECC9E2327DF2A8D0059E9A4 /* Shared */ = {
			isa = PBXGroup;
			children = (
				8ECC9E2427DF2A8D0059E9A4 /* jam_caApp.swift */,
				8ECC9E2527DF2A8D0059E9A4 /* ContentView.swift */,
				8ECC9E2627DF2A8D0059E9A4 /* Assets.xcassets */,
			);
			path = Shared;
			sourceTree = "<group>";
		};
		8ECC9E2C27DF2A8D0059E9A4 /* Products */ = {
			isa = PBXGroup;
			children = (
				8ECC9E2B27DF2A8D0059E9A4 /* jam-ca.app */,
				8ECC9E3127DF2A8D0059E9A4 /* jam-ca.app */,
				8ECC9E3827DF2A8D0059E9A4 /* Tests iOS.xctest */,
				8ECC9E4427DF2A8D0059E9A4 /* Tests macOS.xctest */,
			);
			name = Products;
			sourceTree = "<group>";
		};
		8ECC9E3227DF2A8D0059E9A4 /* macOS */ = {
			isa = PBXGroup;
			children = (
				8ECC9E3327DF2A8D0059E9A4 /* macOS.entitlements */,
			);
			path = macOS;
			sourceTree = "<group>";
		};
		8ECC9E3B27DF2A8D0059E9A4 /* Tests iOS */ = {
			isa = PBXGroup;
			children = (
				8ECC9E3C27DF2A8D0059E9A4 /* Tests_iOS.swift */,
				8ECC9E3E27DF2A8D0059E9A4 /* Tests_iOSLaunchTests.swift */,
			);
			path = "Tests iOS";
			sourceTree = "<group>";
		};
		8ECC9E4727DF2A8D0059E9A4 /* Tests macOS */ = {
			isa = PBXGroup;
			children = (
				8ECC9E4827DF2A8D0059E9A4 /* Tests_macOS.swift */,
				8ECC9E4A27DF2A8D0059E9A4 /* Tests_macOSLaunchTests.swift */,
			);
			path = "Tests macOS";
			sourceTree = "<group>";
		};
/* End PBXGroup section */

/* Begin PBXNativeTarget section */
		8ECC9E2A27DF2A8D0059E9A4 /* jam-ca (iOS) */ = {
			isa = PBXNativeTarget;
			buildConfigurationList = 8ECC9E5427DF2A8D0059E9A4 /* Build configuration list for PBXNativeTarget "jam-ca (iOS)" */;
			buildPhases = (
				8ECC9E2727DF2A8D0059E9A4 /* Sources */,
				8ECC9E2827DF2A8D0059E9A4 /* Frameworks */,
				8ECC9E2927DF2A8D0059E9A4 /* Resources */,
			);
			buildRules = (
			);
			dependencies = (
			);
			name = "jam-ca (iOS)";
			productName = "jam-ca (iOS)";
			productReference = 8ECC9E2B27DF2A8D0059E9A4 /* jam-ca.app */;
			productType = "com.apple.product-type.application";
		};
		8ECC9E3027DF2A8D0059E9A4 /* jam-ca (macOS) */ = {
			isa = PBXNativeTarget;
			buildConfigurationList = 8ECC9E5727DF2A8D0059E9A4 /* Build configuration list for PBXNativeTarget "jam-ca (macOS)" */;
			buildPhases = (
				8ECC9E2D27DF2A8D0059E9A4 /* Sources */,
				8ECC9E2E27DF2A8D0059E9A4 /* Frameworks */,
				8ECC9E2F27DF2A8D0059E9A4 /* Resources */,
			);
			buildRules = (
			);
			dependencies = (
			);
			name = "jam-ca (macOS)";
			productName = "jam-ca (macOS)";
			productReference = 8ECC9E3127DF2A8D0059E9A4 /* jam-ca.app */;
			productType = "com.apple.product-type.application";
		};
		8ECC9E3727DF2A8D0059E9A4 /* Tests iOS */ = {
			isa = PBXNativeTarget;
			buildConfigurationList = 8ECC9E5A27DF2A8D0059E9A4 /* Build configuration list for PBXNativeTarget "Tests iOS" */;
			buildPhases = (
				8ECC9E3427DF2A8D0059E9A4 /* Sources */,
				8ECC9E3527DF2A8D0059E9A4 /* Frameworks */,
				8ECC9E3627DF2A8D0059E9A4 /* Resources */,
			);
			buildRules = (
			);
			dependencies = (
				8ECC9E3A27DF2A8D0059E9A4 /* PBXTargetDependency */,
			);
			name = "Tests iOS";
			productName = "Tests iOS";
			productReference = 8ECC9E3827DF2A8D0059E9A4 /* Tests iOS.xctest */;
			productType = "com.apple.product-type.bundle.ui-testing";
		};
		8ECC9E4327DF2A8D0059E9A4 /* Tests macOS */ = {
			isa = PBXNativeTarget;
			buildConfigurationList = 8ECC9E5D27DF2A8D0059E9A4 /* Build configuration list for PBXNativeTarget "Tests macOS" */;
			buildPhases = (
				8ECC9E4027DF2A8D0059E9A4 /* Sources */,
				8ECC9E4127DF2A8D0059E9A4 /* Frameworks */,
				8ECC9E4227DF2A8D0059E9A4 /* Resources */,
			);
			buildRules = (
			);
			dependencies = (
				8ECC9E4627DF2A8D0059E9A4 /* PBXTargetDependency */,
			);
			name = "Tests macOS";
			productName = "Tests macOS";
			productReference = 8ECC9E4427DF2A8D0059E9A4 /* Tests macOS.xctest */;
			productType = "com.apple.product-type.bundle.ui-testing";
		};
/* End PBXNativeTarget section */

/* Begin PBXProject section */
		8ECC9E1F27DF2A8D0059E9A4 /* Project object */ = {
			isa = PBXProject;
			attributes = {
				BuildIndependentTargetsInParallel = 1;
				LastSwiftUpdateCheck = 1320;
				LastUpgradeCheck = 1320;
				TargetAttributes = {
					8ECC9E2A27DF2A8D0059E9A4 = {
						CreatedOnToolsVersion = 13.2.1;
					};
					8ECC9E3027DF2A8D0059E9A4 = {
						CreatedOnToolsVersion = 13.2.1;
					};
					8ECC9E3727DF2A8D0059E9A4 = {
						CreatedOnToolsVersion = 13.2.1;
						TestTargetID = 8ECC9E2A27DF2A8D0059E9A4;
					};
					8ECC9E4327DF2A8D0059E9A4 = {
						CreatedOnToolsVersion = 13.2.1;
						TestTargetID = 8ECC9E3027DF2A8D0059E9A4;
					};
				};
			};
			buildConfigurationList = 8ECC9E2227DF2A8D0059E9A4 /* Build configuration list for PBXProject "jam-ca" */;
			compatibilityVersion = "Xcode 13.0";
			developmentRegion = en;
			hasScannedForEncodings = 0;
			knownRegions = (
				en,
				Base,
			);
			mainGroup = 8ECC9E1E27DF2A8D0059E9A4;
			productRefGroup = 8ECC9E2C27DF2A8D0059E9A4 /* Products */;
			projectDirPath = "";
			projectRoot = "";
			targets = (
				8ECC9E2A27DF2A8D0059E9A4 /* jam-ca (iOS) */,
				8ECC9E3027DF2A8D0059E9A4 /* jam-ca (macOS) */,
				8ECC9E3727DF2A8D0059E9A4 /* Tests iOS */,
				8ECC9E4327DF2A8D0059E9A4 /* Tests macOS */,
			);
		};
/* End PBXProject section */

/* Begin PBXResourcesBuildPhase section */
		8ECC9E2927DF2A8D0059E9A4 /* Resources */ = {
			isa = PBXResourcesBuildPhase;
			buildActionMask = 2147483647;
			files = (
				8ECC9E5027DF2A8D0059E9A4 /* Assets.xcassets in Resources */,
			);
			runOnlyForDeploymentPostprocessing = 0;
		};
		8ECC9E2F27DF2A8D0059E9A4 /* Resources */ = {
			isa = PBXResourcesBuildPhase;
			buildActionMask = 2147483647;
			files = (
				8ECC9E5127DF2A8D0059E9A4 /* Assets.xcassets in Resources */,
			);
			runOnlyForDeploymentPostprocessing = 0;
		};
		8ECC9E3627DF2A8D0059E9A4 /* Resources */ = {
			isa = PBXResourcesBuildPhase;
			buildActionMask = 2147483647;
			files = (
			);
			runOnlyForDeploymentPostprocessing = 0;
		};
		8ECC9E4227DF2A8D0059E9A4 /* Resources */ = {
			isa = PBXResourcesBuildPhase;
			buildActionMask = 2147483647;
			files = (
			);
			runOnlyForDeploymentPostprocessing = 0;
		};
/* End PBXResourcesBuildPhase section */

/* Begin PBXSourcesBuildPhase section */
		8ECC9E2727DF2A8D0059E9A4 /* Sources */ = {
			isa = PBXSourcesBuildPhase;
			buildActionMask = 2147483647;
			files = (
				8ECC9E4E27DF2A8D0059E9A4 /* ContentView.swift in Sources */,
				8ECC9E4C27DF2A8D0059E9A4 /* jam_caApp.swift in Sources */,
			);
			runOnlyForDeploymentPostprocessing = 0;
		};
		8ECC9E2D27DF2A8D0059E9A4 /* Sources */ = {
			isa = PBXSourcesBuildPhase;
			buildActionMask = 2147483647;
			files = (
				8ECC9E4F27DF2A8D0059E9A4 /* ContentView.swift in Sources */,
				8ECC9E4D27DF2A8D0059E9A4 /* jam_caApp.swift in Sources */,
			);
			runOnlyForDeploymentPostprocessing = 0;
		};
		8ECC9E3427DF2A8D0059E9A4 /* Sources */ = {
			isa = PBXSourcesBuildPhase;
			buildActionMask = 2147483647;
			files = (
				8ECC9E3F27DF2A8D0059E9A4 /* Tests_iOSLaunchTests.swift in Sources */,
				8ECC9E3D27DF2A8D0059E9A4 /* Tests_iOS.swift in Sources */,
			);
			runOnlyForDeploymentPostprocessing = 0;
		};
		8ECC9E4027DF2A8D0059E9A4 /* Sources */ = {
			isa = PBXSourcesBuildPhase;
			buildActionMask = 2147483647;
			files = (
				8ECC9E4B27DF2A8D0059E9A4 /* Tests_macOSLaunchTests.swift in Sources */,
				8ECC9E4927DF2A8D0059E9A4 /* Tests_macOS.swift in Sources */,
			);
			runOnlyForDeploymentPostprocessing = 0;
		};
/* End PBXSourcesBuildPhase section */

/* Begin PBXTargetDependency section */
		8ECC9E3A27DF2A8D0059E9A4 /* PBXTargetDependency */ = {
			isa = PBXTargetDependency;
			target = 8ECC9E2A27DF2A8D0059E9A4 /* jam-ca (iOS) */;
			targetProxy = 8ECC9E3927DF2A8D0059E9A4 /* PBXContainerItemProxy */;
		};
		8ECC9E4627DF2A8D0059E9A4 /* PBXTargetDependency */ = {
			isa = PBXTargetDependency;
			target = 8ECC9E3027DF2A8D0059E9A4 /* jam-ca (macOS) */;
			targetProxy = 8ECC9E4527DF2A8D0059E9A4 /* PBXContainerItemProxy */;
		};
/* End PBXTargetDependency section */

/* Begin XCBuildConfiguration section */
		8ECC9E5227DF2A8D0059E9A4 /* Debug */ = {
			isa = XCBuildConfiguration;
			buildSettings = {
				ALWAYS_SEARCH_USER_PATHS = NO;
				CLANG_ANALYZER_NONNULL = YES;
				CLANG_ANALYZER_NUMBER_OBJECT_CONVERSION = YES_AGGRESSIVE;
				CLANG_CXX_LANGUAGE_STANDARD = "gnu++17";
				CLANG_CXX_LIBRARY = "libc++";
				CLANG_ENABLE_MODULES = YES;
				CLANG_ENABLE_OBJC_ARC = YES;
				CLANG_ENABLE_OBJC_WEAK = YES;
				CLANG_WARN_BLOCK_CAPTURE_AUTORELEASING = YES;
				CLANG_WARN_BOOL_CONVERSION = YES;
				CLANG_WARN_COMMA = YES;
				CLANG_WARN_CONSTANT_CONVERSION = YES;
				CLANG_WARN_DEPRECATED_OBJC_IMPLEMENTATIONS = YES;
				CLANG_WARN_DIRECT_OBJC_ISA_USAGE = YES_ERROR;
				CLANG_WARN_DOCUMENTATION_COMMENTS = YES;
				CLANG_WARN_EMPTY_BODY = YES;
				CLANG_WARN_ENUM_CONVERSION = YES;
				CLANG_WARN_INFINITE_RECURSION = YES;
				CLANG_WARN_INT_CONVERSION = YES;
				CLANG_WARN_NON_LITERAL_NULL_CONVERSION = YES;
				CLANG_WARN_OBJC_IMPLICIT_RETAIN_SELF = YES;
				CLANG_WARN_OBJC_LITERAL_CONVERSION = YES;
				CLANG_WARN_OBJC_ROOT_CLASS = YES_ERROR;
				CLANG_WARN_QUOTED_INCLUDE_IN_FRAMEWORK_HEADER = YES;
				CLANG_WARN_RANGE_LOOP_ANALYSIS = YES;
				CLANG_WARN_STRICT_PROTOTYPES = YES;
				CLANG_WARN_SUSPICIOUS_MOVE = YES;
				CLANG_WARN_UNGUARDED_AVAILABILITY = YES_AGGRESSIVE;
				CLANG_WARN_UNREACHABLE_CODE = YES;
				CLANG_WARN__DUPLICATE_METHOD_MATCH = YES;
				COPY_PHASE_STRIP = NO;
				DEBUG_INFORMATION_FORMAT = dwarf;
				ENABLE_STRICT_OBJC_MSGSEND = YES;
				ENABLE_TESTABILITY = YES;
				GCC_C_LANGUAGE_STANDARD = gnu11;
				GCC_DYNAMIC_NO_PIC = NO;
				GCC_NO_COMMON_BLOCKS = YES;
				GCC_OPTIMIZATION_LEVEL = 0;
				GCC_PREPROCESSOR_DEFINITIONS = (
					"DEBUG=1",
					"$(inherited)",
				);
				GCC_WARN_64_TO_32_BIT_CONVERSION = YES;
				GCC_WARN_ABOUT_RETURN_TYPE = YES_ERROR;
				GCC_WARN_UNDECLARED_SELECTOR = YES;
				GCC_WARN_UNINITIALIZED_AUTOS = YES_AGGRESSIVE;
				GCC_WARN_UNUSED_FUNCTION = YES;
				GCC_WARN_UNUSED_VARIABLE = YES;
				MTL_ENABLE_DEBUG_INFO = INCLUDE_SOURCE;
				MTL_FAST_MATH = YES;
				ONLY_ACTIVE_ARCH = YES;
				SWIFT_ACTIVE_COMPILATION_CONDITIONS = DEBUG;
				SWIFT_OPTIMIZATION_LEVEL = "-Onone";
			};
			name = Debug;
		};
		8ECC9E5327DF2A8D0059E9A4 /* Release */ = {
			isa = XCBuildConfiguration;
			buildSettings = {
				ALWAYS_SEARCH_USER_PATHS = NO;
				CLANG_ANALYZER_NONNULL = YES;
				CLANG_ANALYZER_NUMBER_OBJECT_CONVERSION = YES_AGGRESSIVE;
				CLANG_CXX_LANGUAGE_STANDARD = "gnu++17";
				CLANG_CXX_LIBRARY = "libc++";
				CLANG_ENABLE_MODULES = YES;
				CLANG_ENABLE_OBJC_ARC = YES;
				CLANG_ENABLE_OBJC_WEAK = YES;
				CLANG_WARN_BLOCK_CAPTURE_AUTORELEASING = YES;
				CLANG_WARN_BOOL_CONVERSION = YES;
				CLANG_WARN_COMMA = YES;
				CLANG_WARN_CONSTANT_CONVERSION = YES;
				CLANG_WARN_DEPRECATED_OBJC_IMPLEMENTATIONS = YES;
				CLANG_WARN_DIRECT_OBJC_ISA_USAGE = YES_ERROR;
				CLANG_WARN_DOCUMENTATION_COMMENTS = YES;
				CLANG_WARN_EMPTY_BODY = YES;
				CLANG_WARN_ENUM_CONVERSION = YES;
				CLANG_WARN_INFINITE_RECURSION = YES;
				CLANG_WARN_INT_CONVERSION = YES;
				CLANG_WARN_NON_LITERAL_NULL_CONVERSION = YES;
				CLANG_WARN_OBJC_IMPLICIT_RETAIN_SELF = YES;
				CLANG_WARN_OBJC_LITERAL_CONVERSION = YES;
				CLANG_WARN_OBJC_ROOT_CLASS = YES_ERROR;
				CLANG_WARN_QUOTED_INCLUDE_IN_FRAMEWORK_HEADER = YES;
				CLANG_WARN_RANGE_LOOP_ANALYSIS = YES;
				CLANG_WARN_STRICT_PROTOTYPES = YES;
				CLANG_WARN_SUSPICIOUS_MOVE = YES;
				CLANG_WARN_UNGUARDED_AVAILABILITY = YES_AGGRESSIVE;
				CLANG_WARN_UNREACHABLE_CODE = YES;
				CLANG_WARN__DUPLICATE_METHOD_MATCH = YES;
				COPY_PHASE_STRIP = NO;
				DEBUG_INFORMATION_FORMAT = "dwarf-with-dsym";
				ENABLE_NS_ASSERTIONS = NO;
				ENABLE_STRICT_OBJC_MSGSEND = YES;
				GCC_C_LANGUAGE_STANDARD = gnu11;
				GCC_NO_COMMON_BLOCKS = YES;
				GCC_WARN_64_TO_32_BIT_CONVERSION = YES;
				GCC_WARN_ABOUT_RETURN_TYPE = YES_ERROR;
				GCC_WARN_UNDECLARED_SELECTOR = YES;
				GCC_WARN_UNINITIALIZED_AUTOS = YES_AGGRESSIVE;
				GCC_WARN_UNUSED_FUNCTION = YES;
				GCC_WARN_UNUSED_VARIABLE = YES;
				MTL_ENABLE_DEBUG_INFO = NO;
				MTL_FAST_MATH = YES;
				SWIFT_COMPILATION_MODE = wholemodule;
				SWIFT_OPTIMIZATION_LEVEL = "-O";
			};
			name = Release;
		};
		8ECC9E5527DF2A8D0059E9A4 /* Debug */ = {
			isa = XCBuildConfiguration;
			buildSettings = {
				ASSETCATALOG_COMPILER_APPICON_NAME = AppIcon;
				ASSETCATALOG_COMPILER_GLOBAL_ACCENT_COLOR_NAME = AccentColor;
				CODE_SIGN_STYLE = Automatic;
				CURRENT_PROJECT_VERSION = 1;
				DEVELOPMENT_TEAM = M6AAALC62J;
				ENABLE_PREVIEWS = YES;
				GENERATE_INFOPLIST_FILE = YES;
				INFOPLIST_KEY_UIApplicationSceneManifest_Generation = YES;
				INFOPLIST_KEY_UIApplicationSupportsIndirectInputEvents = YES;
				INFOPLIST_KEY_UILaunchScreen_Generation = YES;
				INFOPLIST_KEY_UISupportedInterfaceOrientations_iPad = "UIInterfaceOrientationPortrait UIInterfaceOrientationPortraitUpsideDown UIInterfaceOrientationLandscapeLeft UIInterfaceOrientationLandscapeRight";
				INFOPLIST_KEY_UISupportedInterfaceOrientations_iPhone = "UIInterfaceOrientationPortrait UIInterfaceOrientationLandscapeLeft UIInterfaceOrientationLandscapeRight";
				IPHONEOS_DEPLOYMENT_TARGET = 15.2;
				LD_RUNPATH_SEARCH_PATHS = (
					"$(inherited)",
					"@executable_path/Frameworks",
				);
				MARKETING_VERSION = 1.0;
				PRODUCT_BUNDLE_IDENTIFIER = "com.lukasandrlik.jam-ca";
				PRODUCT_NAME = "jam-ca";
				SDKROOT = iphoneos;
				SWIFT_EMIT_LOC_STRINGS = YES;
				SWIFT_VERSION = 5.0;
				TARGETED_DEVICE_FAMILY = "1,2";
			};
			name = Debug;
		};
		8ECC9E5627DF2A8D0059E9A4 /* Release */ = {
			isa = XCBuildConfiguration;
			buildSettings = {
				ASSETCATALOG_COMPILER_APPICON_NAME = AppIcon;
				ASSETCATALOG_COMPILER_GLOBAL_ACCENT_COLOR_NAME = AccentColor;
				CODE_SIGN_STYLE = Automatic;
				CURRENT_PROJECT_VERSION = 1;
				DEVELOPMENT_TEAM = M6AAALC62J;
				ENABLE_PREVIEWS = YES;
				GENERATE_INFOPLIST_FILE = YES;
				INFOPLIST_KEY_UIApplicationSceneManifest_Generation = YES;
				INFOPLIST_KEY_UIApplicationSupportsIndirectInputEvents = YES;
				INFOPLIST_KEY_UILaunchScreen_Generation = YES;
				INFOPLIST_KEY_UISupportedInterfaceOrientations_iPad = "UIInterfaceOrientationPortrait UIInterfaceOrientationPortraitUpsideDown UIInterfaceOrientationLandscapeLeft UIInterfaceOrientationLandscapeRight";
				INFOPLIST_KEY_UISupportedInterfaceOrientations_iPhone = "UIInterfaceOrientationPortrait UIInterfaceOrientationLandscapeLeft UIInterfaceOrientationLandscapeRight";
				IPHONEOS_DEPLOYMENT_TARGET = 15.2;
				LD_RUNPATH_SEARCH_PATHS = (
					"$(inherited)",
					"@executable_path/Frameworks",
				);
				MARKETING_VERSION = 1.0;
				PRODUCT_BUNDLE_IDENTIFIER = "com.lukasandrlik.jam-ca";
				PRODUCT_NAME = "jam-ca";
				SDKROOT = iphoneos;
				SWIFT_EMIT_LOC_STRINGS = YES;
				SWIFT_VERSION = 5.0;
				TARGETED_DEVICE_FAMILY = "1,2";
				VALIDATE_PRODUCT = YES;
			};
			name = Release;
		};
		8ECC9E5827DF2A8D0059E9A4 /* Debug */ = {
			isa = XCBuildConfiguration;
			buildSettings = {
				ASSETCATALOG_COMPILER_APPICON_NAME = AppIcon;
				ASSETCATALOG_COMPILER_GLOBAL_ACCENT_COLOR_NAME = AccentColor;
				CODE_SIGN_ENTITLEMENTS = macOS/macOS.entitlements;
				CODE_SIGN_STYLE = Automatic;
				COMBINE_HIDPI_IMAGES = YES;
				CURRENT_PROJECT_VERSION = 1;
				DEVELOPMENT_TEAM = M6AAALC62J;
				ENABLE_HARDENED_RUNTIME = YES;
				ENABLE_PREVIEWS = YES;
				GENERATE_INFOPLIST_FILE = YES;
				INFOPLIST_KEY_NSHumanReadableCopyright = "";
				LD_RUNPATH_SEARCH_PATHS = (
					"$(inherited)",
					"@executable_path/../Frameworks",
				);
				MACOSX_DEPLOYMENT_TARGET = 12.1;
				MARKETING_VERSION = 1.0;
				PRODUCT_BUNDLE_IDENTIFIER = "com.lukasandrlik.jam-ca";
				PRODUCT_NAME = "jam-ca";
				SDKROOT = macosx;
				SWIFT_EMIT_LOC_STRINGS = YES;
				SWIFT_VERSION = 5.0;
			};
			name = Debug;
		};
		8ECC9E5927DF2A8D0059E9A4 /* Release */ = {
			isa = XCBuildConfiguration;
			buildSettings = {
				ASSETCATALOG_COMPILER_APPICON_NAME = AppIcon;
				ASSETCATALOG_COMPILER_GLOBAL_ACCENT_COLOR_NAME = AccentColor;
				CODE_SIGN_ENTITLEMENTS = macOS/macOS.entitlements;
				CODE_SIGN_STYLE = Automatic;
				COMBINE_HIDPI_IMAGES = YES;
				CURRENT_PROJECT_VERSION = 1;
				DEVELOPMENT_TEAM = M6AAALC62J;
				ENABLE_HARDENED_RUNTIME = YES;
				ENABLE_PREVIEWS = YES;
				GENERATE_INFOPLIST_FILE = YES;
				INFOPLIST_KEY_NSHumanReadableCopyright = "";
				LD_RUNPATH_SEARCH_PATHS = (
					"$(inherited)",
					"@executable_path/../Frameworks",
				);
				MACOSX_DEPLOYMENT_TARGET = 12.1;
				MARKETING_VERSION = 1.0;
				PRODUCT_BUNDLE_IDENTIFIER = "com.lukasandrlik.jam-ca";
				PRODUCT_NAME = "jam-ca";
				SDKROOT = macosx;
				SWIFT_EMIT_LOC_STRINGS = YES;
				SWIFT_VERSION = 5.0;
			};
			name = Release;
		};
		8ECC9E5B27DF2A8D0059E9A4 /* Debug */ = {
			isa = XCBuildConfiguration;
			buildSettings = {
				ALWAYS_EMBED_SWIFT_STANDARD_LIBRARIES = YES;
				CODE_SIGN_STYLE = Automatic;
				CURRENT_PROJECT_VERSION = 1;
				DEVELOPMENT_TEAM = M6AAALC62J;
				GENERATE_INFOPLIST_FILE = YES;
				IPHONEOS_DEPLOYMENT_TARGET = 15.2;
				MARKETING_VERSION = 1.0;
				PRODUCT_BUNDLE_IDENTIFIER = "com.lukasandrlik.Tests-iOS";
				PRODUCT_NAME = "$(TARGET_NAME)";
				SDKROOT = iphoneos;
				SWIFT_EMIT_LOC_STRINGS = NO;
				SWIFT_VERSION = 5.0;
				TARGETED_DEVICE_FAMILY = "1,2";
				TEST_TARGET_NAME = "jam-ca (iOS)";
			};
			name = Debug;
		};
		8ECC9E5C27DF2A8D0059E9A4 /* Release */ = {
			isa = XCBuildConfiguration;
			buildSettings = {
				ALWAYS_EMBED_SWIFT_STANDARD_LIBRARIES = YES;
				CODE_SIGN_STYLE = Automatic;
				CURRENT_PROJECT_VERSION = 1;
				DEVELOPMENT_TEAM = M6AAALC62J;
				GENERATE_INFOPLIST_FILE = YES;
				IPHONEOS_DEPLOYMENT_TARGET = 15.2;
				MARKETING_VERSION = 1.0;
				PRODUCT_BUNDLE_IDENTIFIER = "com.lukasandrlik.Tests-iOS";
				PRODUCT_NAME = "$(TARGET_NAME)";
				SDKROOT = iphoneos;
				SWIFT_EMIT_LOC_STRINGS = NO;
				SWIFT_VERSION = 5.0;
				TARGETED_DEVICE_FAMILY = "1,2";
				TEST_TARGET_NAME = "jam-ca (iOS)";
				VALIDATE_PRODUCT = YES;
			};
			name = Release;
		};
		8ECC9E5E27DF2A8D0059E9A4 /* Debug */ = {
			isa = XCBuildConfiguration;
			buildSettings = {
				ALWAYS_EMBED_SWIFT_STANDARD_LIBRARIES = YES;
				CODE_SIGN_STYLE = Automatic;
				CURRENT_PROJECT_VERSION = 1;
				DEVELOPMENT_TEAM = M6AAALC62J;
				GENERATE_INFOPLIST_FILE = YES;
				MACOSX_DEPLOYMENT_TARGET = 12.1;
				MARKETING_VERSION = 1.0;
				PRODUCT_BUNDLE_IDENTIFIER = "com.lukasandrlik.Tests-macOS";
				PRODUCT_NAME = "$(TARGET_NAME)";
				SDKROOT = macosx;
				SWIFT_EMIT_LOC_STRINGS = NO;
				SWIFT_VERSION = 5.0;
				TEST_TARGET_NAME = "jam-ca (macOS)";
			};
			name = Debug;
		};
		8ECC9E5F27DF2A8D0059E9A4 /* Release */ = {
			isa = XCBuildConfiguration;
			buildSettings = {
				ALWAYS_EMBED_SWIFT_STANDARD_LIBRARIES = YES;
				CODE_SIGN_STYLE = Automatic;
				CURRENT_PROJECT_VERSION = 1;
				DEVELOPMENT_TEAM = M6AAALC62J;
				GENERATE_INFOPLIST_FILE = YES;
				MACOSX_DEPLOYMENT_TARGET = 12.1;
				MARKETING_VERSION = 1.0;
				PRODUCT_BUNDLE_IDENTIFIER = "com.lukasandrlik.Tests-macOS";
				PRODUCT_NAME = "$(TARGET_NAME)";
				SDKROOT = macosx;
				SWIFT_EMIT_LOC_STRINGS = NO;
				SWIFT_VERSION = 5.0;
				TEST_TARGET_NAME = "jam-ca (macOS)";
			};
			name = Release;
		};
/* End XCBuildConfiguration section */

/* Begin XCConfigurationList section */
		8ECC9E2227DF2A8D0059E9A4 /* Build configuration list for PBXProject "jam-ca" */ = {
			isa = XCConfigurationList;
			buildConfigurations = (
				8ECC9E5227DF2A8D0059E9A4 /* Debug */,
				8ECC9E5327DF2A8D0059E9A4 /* Release */,
			);
			defaultConfigurationIsVisible = 0;
			defaultConfigurationName = Release;
		};
		8ECC9E5427DF2A8D0059E9A4 /* Build configuration list for PBXNativeTarget "jam-ca (iOS)" */ = {
			isa = XCConfigurationList;
			buildConfigurations = (
				8ECC9E5527DF2A8D0059E9A4 /* Debug */,
				8ECC9E5627DF2A8D0059E9A4 /* Release */,
			);
			defaultConfigurationIsVisible = 0;
			defaultConfigurationName = Release;
		};
		8ECC9E5727DF2A8D0059E9A4 /* Build configuration list for PBXNativeTarget "jam-ca (macOS)" */ = {
			isa = XCConfigurationList;
			buildConfigurations = (
				8ECC9E5827DF2A8D0059E9A4 /* Debug */,
				8ECC9E5927DF2A8D0059E9A4 /* Release */,
			);
			defaultConfigurationIsVisible = 0;
			defaultConfigurationName = Release;
		};
		8ECC9E5A27DF2A8D0059E9A4 /* Build configuration list for PBXNativeTarget "Tests iOS" */ = {
			isa = XCConfigurationList;
			buildConfigurations = (
				8ECC9E5B27DF2A8D0059E9A4 /* Debug */,
				8ECC9E5C27DF2A8D0059E9A4 /* Release */,
			);
			defaultConfigurationIsVisible = 0;
			defaultConfigurationName = Release;
		};
		8ECC9E5D27DF2A8D0059E9A4 /* Build configuration list for PBXNativeTarget "Tests macOS" */ = {
			isa = XCConfigurationList;
			buildConfigurations = (
				8ECC9E5E27DF2A8D0059E9A4 /* Debug */,
				8ECC9E5F27DF2A8D0059E9A4 /* Release */,
			);
			defaultConfigurationIsVisible = 0;
			defaultConfigurationName = Release;
		};
/* End XCConfigurationList section */
	};
	rootObject = 8ECC9E1F27DF2A8D0059E9A4 /* Project object */;
}
